
Microsoft Visual Studio Solution File, Format Version 12.00
# Visual Studio 2012
Project("{FAE04EC0-301F-11D3-BF4B-00C04F79EFBC}") = "VendorPOS", "VendorPOS\VendorPOS.csproj", "{B940097B-7AAF-47E2-9091-B1A3AE8121DD}"
EndProject
Global
	GlobalSection(SolutionConfigurationPlatforms) = preSolution
		Debug|Any CPU = Debug|Any CPU
		Release|Any CPU = Release|Any CPU
	EndGlobalSection
	GlobalSection(ProjectConfigurationPlatforms) = postSolution
		{B940097B-7AAF-47E2-9091-B1A3AE8121DD}.Debug|Any CPU.ActiveCfg = Debug|Any CPU
		{B940097B-7AAF-47E2-9091-B1A3AE8121DD}.Debug|Any CPU.Build.0 = Debug|Any CPU
		{B940097B-7AAF-47E2-9091-B1A3AE8121DD}.Release|Any CPU.ActiveCfg = Release|Any CPU
		{B940097B-7AAF-47E2-9091-B1A3AE8121DD}.Release|Any CPU.Build.0 = Release|Any CPU
	EndGlobalSection
	GlobalSection(SolutionProperties) = preSolution
		HideSolutionNode = FALSE
	EndGlobalSection
EndGlobal
